
Microsoft Visual Studio Solution File, Format Version 12.00
# Visual Studio Version 16
VisualStudioVersion = 16.0.30406.217
MinimumVisualStudioVersion = 10.0.40219.1
Project("{FAE04EC0-301F-11D3-BF4B-00C04F79EFBC}") = "WebApplication1", "WebApplication1\WebApplication1.csproj", "{72FDDBC1-CA73-472B-B5E6-B03C9032C209}"
EndProject
Project("{FAE04EC0-301F-11D3-BF4B-00C04F79EFBC}") = "ModelWebApplication", "ModelWebApplication\ModelWebApplication.csproj", "{93CBD272-27CC-4455-AE80-1E4154041B8F}"
EndProject
Project("{2150E333-8FDC-42A3-9474-1A3956D46DE8}") = "Solution Items", "Solution Items", "{2A1862ED-0D4E-4100-AF30-C7D24F9F5580}"
	ProjectSection(SolutionItems) = preProject
		.editorconfig = .editorconfig
	EndProjectSection
EndProject
Global
	GlobalSection(SolutionConfigurationPlatforms) = preSolution
		Debug|Any CPU = Debug|Any CPU
		Release|Any CPU = Release|Any CPU
	EndGlobalSection
	GlobalSection(ProjectConfigurationPlatforms) = postSolution
		{72FDDBC1-CA73-472B-B5E6-B03C9032C209}.Debug|Any CPU.ActiveCfg = Debug|Any CPU
		{72FDDBC1-CA73-472B-B5E6-B03C9032C209}.Debug|Any CPU.Build.0 = Debug|Any CPU
		{72FDDBC1-CA73-472B-B5E6-B03C9032C209}.Release|Any CPU.ActiveCfg = Release|Any CPU
		{72FDDBC1-CA73-472B-B5E6-B03C9032C209}.Release|Any CPU.Build.0 = Release|Any CPU
		{93CBD272-27CC-4455-AE80-1E4154041B8F}.Debug|Any CPU.ActiveCfg = Debug|Any CPU
		{93CBD272-27CC-4455-AE80-1E4154041B8F}.Debug|Any CPU.Build.0 = Debug|Any CPU
		{93CBD272-27CC-4455-AE80-1E4154041B8F}.Release|Any CPU.ActiveCfg = Release|Any CPU
		{93CBD272-27CC-4455-AE80-1E4154041B8F}.Release|Any CPU.Build.0 = Release|Any CPU
	EndGlobalSection
	GlobalSection(SolutionProperties) = preSolution
		HideSolutionNode = FALSE
	EndGlobalSection
	GlobalSection(ExtensibilityGlobals) = postSolution
		SolutionGuid = {2F5BAD46-BD94-41C8-9DB2-EF33FBFD27FA}
	EndGlobalSection
EndGlobal
